
Microsoft Visual Studio Solution File, Format Version 12.00
# Visual Studio 15
VisualStudioVersion = 15.0.26124.0
MinimumVisualStudioVersion = 15.0.26124.0
Project("{9A19103F-16F7-4668-BE54-9A1E7A4F7556}") = "PoC.Grains", "PoC.Grains\PoC.Grains.csproj", "{C3E5F762-A331-4844-8D9C-EB7234E1964D}"
EndProject
Project("{9A19103F-16F7-4668-BE54-9A1E7A4F7556}") = "PoC.Grains.Implementation", "PoC.Grains.Implementation\PoC.Grains.Implementation.csproj", "{B47440B9-2A68-4DD9-A2A9-A70A593CEDEC}"
EndProject
Project("{9A19103F-16F7-4668-BE54-9A1E7A4F7556}") = "PoC.Silo", "PoC.Silo\PoC.Silo.csproj", "{6EF82003-2A3C-4228-9F15-95766987EDE3}"
EndProject
Project("{9A19103F-16F7-4668-BE54-9A1E7A4F7556}") = "PoC.Tests", "PoC.Tests\PoC.Tests.csproj", "{F4476645-4F9A-4CBA-9B24-E46F5B482F6E}"
EndProject
Project("{FAE04EC0-301F-11D3-BF4B-00C04F79EFBC}") = "PoC.API", "PoC.API\PoC.API.csproj", "{3086CDD6-10EC-4DE0-B855-2920BDF3DA66}"
EndProject
Project("{E53339B2-1760-4266-BCC7-CA923CBCF16C}") = "docker-compose", "docker\docker-compose.dcproj", "{148ED2A1-A891-489F-8526-232D5C65D18C}"
EndProject
Global
	GlobalSection(SolutionConfigurationPlatforms) = preSolution
		Debug|Any CPU = Debug|Any CPU
		Debug|x64 = Debug|x64
		Debug|x86 = Debug|x86
		Release|Any CPU = Release|Any CPU
		Release|x64 = Release|x64
		Release|x86 = Release|x86
	EndGlobalSection
	GlobalSection(ProjectConfigurationPlatforms) = postSolution
		{C3E5F762-A331-4844-8D9C-EB7234E1964D}.Debug|Any CPU.ActiveCfg = Debug|Any CPU
		{C3E5F762-A331-4844-8D9C-EB7234E1964D}.Debug|Any CPU.Build.0 = Debug|Any CPU
		{C3E5F762-A331-4844-8D9C-EB7234E1964D}.Debug|x64.ActiveCfg = Debug|Any CPU
		{C3E5F762-A331-4844-8D9C-EB7234E1964D}.Debug|x64.Build.0 = Debug|Any CPU
		{C3E5F762-A331-4844-8D9C-EB7234E1964D}.Debug|x86.ActiveCfg = Debug|Any CPU
		{C3E5F762-A331-4844-8D9C-EB7234E1964D}.Debug|x86.Build.0 = Debug|Any CPU
		{C3E5F762-A331-4844-8D9C-EB7234E1964D}.Release|Any CPU.ActiveCfg = Release|Any CPU
		{C3E5F762-A331-4844-8D9C-EB7234E1964D}.Release|Any CPU.Build.0 = Release|Any CPU
		{C3E5F762-A331-4844-8D9C-EB7234E1964D}.Release|x64.ActiveCfg = Release|Any CPU
		{C3E5F762-A331-4844-8D9C-EB7234E1964D}.Release|x64.Build.0 = Release|Any CPU
		{C3E5F762-A331-4844-8D9C-EB7234E1964D}.Release|x86.ActiveCfg = Release|Any CPU
		{C3E5F762-A331-4844-8D9C-EB7234E1964D}.Release|x86.Build.0 = Release|Any CPU
		{B47440B9-2A68-4DD9-A2A9-A70A593CEDEC}.Debug|Any CPU.ActiveCfg = Debug|Any CPU
		{B47440B9-2A68-4DD9-A2A9-A70A593CEDEC}.Debug|Any CPU.Build.0 = Debug|Any CPU
		{B47440B9-2A68-4DD9-A2A9-A70A593CEDEC}.Debug|x64.ActiveCfg = Debug|Any CPU
		{B47440B9-2A68-4DD9-A2A9-A70A593CEDEC}.Debug|x64.Build.0 = Debug|Any CPU
		{B47440B9-2A68-4DD9-A2A9-A70A593CEDEC}.Debug|x86.ActiveCfg = Debug|Any CPU
		{B47440B9-2A68-4DD9-A2A9-A70A593CEDEC}.Debug|x86.Build.0 = Debug|Any CPU
		{B47440B9-2A68-4DD9-A2A9-A70A593CEDEC}.Release|Any CPU.ActiveCfg = Release|Any CPU
		{B47440B9-2A68-4DD9-A2A9-A70A593CEDEC}.Release|Any CPU.Build.0 = Release|Any CPU
		{B47440B9-2A68-4DD9-A2A9-A70A593CEDEC}.Release|x64.ActiveCfg = Release|Any CPU
		{B47440B9-2A68-4DD9-A2A9-A70A593CEDEC}.Release|x64.Build.0 = Release|Any CPU
		{B47440B9-2A68-4DD9-A2A9-A70A593CEDEC}.Release|x86.ActiveCfg = Release|Any CPU
		{B47440B9-2A68-4DD9-A2A9-A70A593CEDEC}.Release|x86.Build.0 = Release|Any CPU
		{6EF82003-2A3C-4228-9F15-95766987EDE3}.Debug|Any CPU.ActiveCfg = Debug|Any CPU
		{6EF82003-2A3C-4228-9F15-95766987EDE3}.Debug|Any CPU.Build.0 = Debug|Any CPU
		{6EF82003-2A3C-4228-9F15-95766987EDE3}.Debug|x64.ActiveCfg = Debug|Any CPU
		{6EF82003-2A3C-4228-9F15-95766987EDE3}.Debug|x64.Build.0 = Debug|Any CPU
		{6EF82003-2A3C-4228-9F15-95766987EDE3}.Debug|x86.ActiveCfg = Debug|Any CPU
		{6EF82003-2A3C-4228-9F15-95766987EDE3}.Debug|x86.Build.0 = Debug|Any CPU
		{6EF82003-2A3C-4228-9F15-95766987EDE3}.Release|Any CPU.ActiveCfg = Release|Any CPU
		{6EF82003-2A3C-4228-9F15-95766987EDE3}.Release|Any CPU.Build.0 = Release|Any CPU
		{6EF82003-2A3C-4228-9F15-95766987EDE3}.Release|x64.ActiveCfg = Release|Any CPU
		{6EF82003-2A3C-4228-9F15-95766987EDE3}.Release|x64.Build.0 = Release|Any CPU
		{6EF82003-2A3C-4228-9F15-95766987EDE3}.Release|x86.ActiveCfg = Release|Any CPU
		{6EF82003-2A3C-4228-9F15-95766987EDE3}.Release|x86.Build.0 = Release|Any CPU
		{F4476645-4F9A-4CBA-9B24-E46F5B482F6E}.Debug|Any CPU.ActiveCfg = Debug|Any CPU
		{F4476645-4F9A-4CBA-9B24-E46F5B482F6E}.Debug|Any CPU.Build.0 = Debug|Any CPU
		{F4476645-4F9A-4CBA-9B24-E46F5B482F6E}.Debug|x64.ActiveCfg = Debug|Any CPU
		{F4476645-4F9A-4CBA-9B24-E46F5B482F6E}.Debug|x64.Build.0 = Debug|Any CPU
		{F4476645-4F9A-4CBA-9B24-E46F5B482F6E}.Debug|x86.ActiveCfg = Debug|Any CPU
		{F4476645-4F9A-4CBA-9B24-E46F5B482F6E}.Debug|x86.Build.0 = Debug|Any CPU
		{F4476645-4F9A-4CBA-9B24-E46F5B482F6E}.Release|Any CPU.ActiveCfg = Release|Any CPU
		{F4476645-4F9A-4CBA-9B24-E46F5B482F6E}.Release|Any CPU.Build.0 = Release|Any CPU
		{F4476645-4F9A-4CBA-9B24-E46F5B482F6E}.Release|x64.ActiveCfg = Release|Any CPU
		{F4476645-4F9A-4CBA-9B24-E46F5B482F6E}.Release|x64.Build.0 = Release|Any CPU
		{F4476645-4F9A-4CBA-9B24-E46F5B482F6E}.Release|x86.ActiveCfg = Release|Any CPU
		{F4476645-4F9A-4CBA-9B24-E46F5B482F6E}.Release|x86.Build.0 = Release|Any CPU
		{3086CDD6-10EC-4DE0-B855-2920BDF3DA66}.Debug|Any CPU.ActiveCfg = Debug|Any CPU
		{3086CDD6-10EC-4DE0-B855-2920BDF3DA66}.Debug|Any CPU.Build.0 = Debug|Any CPU
		{3086CDD6-10EC-4DE0-B855-2920BDF3DA66}.Debug|x64.ActiveCfg = Debug|Any CPU
		{3086CDD6-10EC-4DE0-B855-2920BDF3DA66}.Debug|x64.Build.0 = Debug|Any CPU
		{3086CDD6-10EC-4DE0-B855-2920BDF3DA66}.Debug|x86.ActiveCfg = Debug|Any CPU
		{3086CDD6-10EC-4DE0-B855-2920BDF3DA66}.Debug|x86.Build.0 = Debug|Any CPU
		{3086CDD6-10EC-4DE0-B855-2920BDF3DA66}.Release|Any CPU.ActiveCfg = Release|Any CPU
		{3086CDD6-10EC-4DE0-B855-2920BDF3DA66}.Release|Any CPU.Build.0 = Release|Any CPU
		{3086CDD6-10EC-4DE0-B855-2920BDF3DA66}.Release|x64.ActiveCfg = Release|Any CPU
		{3086CDD6-10EC-4DE0-B855-2920BDF3DA66}.Release|x64.Build.0 = Release|Any CPU
		{3086CDD6-10EC-4DE0-B855-2920BDF3DA66}.Release|x86.ActiveCfg = Release|Any CPU
		{3086CDD6-10EC-4DE0-B855-2920BDF3DA66}.Release|x86.Build.0 = Release|Any CPU
		{148ED2A1-A891-489F-8526-232D5C65D18C}.Debug|Any CPU.ActiveCfg = Debug|Any CPU
		{148ED2A1-A891-489F-8526-232D5C65D18C}.Debug|Any CPU.Build.0 = Debug|Any CPU
		{148ED2A1-A891-489F-8526-232D5C65D18C}.Debug|x64.ActiveCfg = Debug|Any CPU
		{148ED2A1-A891-489F-8526-232D5C65D18C}.Debug|x64.Build.0 = Debug|Any CPU
		{148ED2A1-A891-489F-8526-232D5C65D18C}.Debug|x86.ActiveCfg = Debug|Any CPU
		{148ED2A1-A891-489F-8526-232D5C65D18C}.Debug|x86.Build.0 = Debug|Any CPU
		{148ED2A1-A891-489F-8526-232D5C65D18C}.Release|Any CPU.ActiveCfg = Release|Any CPU
		{148ED2A1-A891-489F-8526-232D5C65D18C}.Release|Any CPU.Build.0 = Release|Any CPU
		{148ED2A1-A891-489F-8526-232D5C65D18C}.Release|x64.ActiveCfg = Release|Any CPU
		{148ED2A1-A891-489F-8526-232D5C65D18C}.Release|x64.Build.0 = Release|Any CPU
		{148ED2A1-A891-489F-8526-232D5C65D18C}.Release|x86.ActiveCfg = Release|Any CPU
		{148ED2A1-A891-489F-8526-232D5C65D18C}.Release|x86.Build.0 = Release|Any CPU
	EndGlobalSection
	GlobalSection(SolutionProperties) = preSolution
		HideSolutionNode = FALSE
	EndGlobalSection
	GlobalSection(ExtensibilityGlobals) = postSolution
		SolutionGuid = {73C87AFA-F0BA-4A09-A7C4-E931F0018C59}
	EndGlobalSection
EndGlobal
